
Microsoft Visual Studio Solution File, Format Version 12.00
# Visual Studio Version 16
VisualStudioVersion = 16.0.34031.81
MinimumVisualStudioVersion = 10.0.40219.1
Project("{2150E333-8FDC-42A3-9474-1A3956D46DE8}") = "Task0", "Task0", "{1B8B113F-23E6-44A9-B499-9848A1B37D64}"
EndProject
Project("{FAE04EC0-301F-11D3-BF4B-00C04F79EFBC}") = "Tyuiu.IvanovSI.Sprint0.Task0.V0", "Tyuiu.IvanovSI.Sprint0.Task0.V0\Tyuiu.IvanovSI.Sprint0.Task0.V0.csproj", "{7963C222-469A-48F4-AB5B-44BE81401CBC}"
EndProject
Project("{2150E333-8FDC-42A3-9474-1A3956D46DE8}") = "Task1", "Task1", "{40B8E263-3372-448D-98A3-97AB1E4FFF95}"
EndProject
Project("{FAE04EC0-301F-11D3-BF4B-00C04F79EFBC}") = "Tyuiu.IvanovSI.Sprint0.Task1.V0", "Tyuiu.IvanovSI.Sprint0.Task1.V0\Tyuiu.IvanovSI.Sprint0.Task1.V0.csproj", "{7B0648E7-0681-44BB-9026-95681309C17D}"
EndProject
Global
	GlobalSection(SolutionConfigurationPlatforms) = preSolution
		Debug|Any CPU = Debug|Any CPU
		Release|Any CPU = Release|Any CPU
	EndGlobalSection
	GlobalSection(ProjectConfigurationPlatforms) = postSolution
		{7963C222-469A-48F4-AB5B-44BE81401CBC}.Debug|Any CPU.ActiveCfg = Debug|Any CPU
		{7963C222-469A-48F4-AB5B-44BE81401CBC}.Debug|Any CPU.Build.0 = Debug|Any CPU
		{7963C222-469A-48F4-AB5B-44BE81401CBC}.Release|Any CPU.ActiveCfg = Release|Any CPU
		{7963C222-469A-48F4-AB5B-44BE81401CBC}.Release|Any CPU.Build.0 = Release|Any CPU
		{7B0648E7-0681-44BB-9026-95681309C17D}.Debug|Any CPU.ActiveCfg = Debug|Any CPU
		{7B0648E7-0681-44BB-9026-95681309C17D}.Debug|Any CPU.Build.0 = Debug|Any CPU
		{7B0648E7-0681-44BB-9026-95681309C17D}.Release|Any CPU.ActiveCfg = Release|Any CPU
		{7B0648E7-0681-44BB-9026-95681309C17D}.Release|Any CPU.Build.0 = Release|Any CPU
	EndGlobalSection
	GlobalSection(SolutionProperties) = preSolution
		HideSolutionNode = FALSE
	EndGlobalSection
	GlobalSection(NestedProjects) = preSolution
		{7963C222-469A-48F4-AB5B-44BE81401CBC} = {1B8B113F-23E6-44A9-B499-9848A1B37D64}
		{7B0648E7-0681-44BB-9026-95681309C17D} = {40B8E263-3372-448D-98A3-97AB1E4FFF95}
	EndGlobalSection
	GlobalSection(ExtensibilityGlobals) = postSolution
		SolutionGuid = {FE2EA99E-AD70-4CD0-B72A-62A9FAED500A}
	EndGlobalSection
EndGlobal
