
Microsoft Visual Studio Solution File, Format Version 12.00
# Visual Studio Version 16
VisualStudioVersion = 16.0.34031.81
MinimumVisualStudioVersion = 10.0.40219.1
Project("{2150E333-8FDC-42A3-9474-1A3956D46DE8}") = "Task0", "Task0", "{1B8B113F-23E6-44A9-B499-9848A1B37D64}"
EndProject
Project("{FAE04EC0-301F-11D3-BF4B-00C04F79EFBC}") = "Tyuiu.IvanovSI.Sprint0.Task0.V0", "Tyuiu.IvanovSI.Sprint0.Task0.V0\Tyuiu.IvanovSI.Sprint0.Task0.V0.csproj", "{7963C222-469A-48F4-AB5B-44BE81401CBC}"
EndProject
Project("{2150E333-8FDC-42A3-9474-1A3956D46DE8}") = "Task1", "Task1", "{40B8E263-3372-448D-98A3-97AB1E4FFF95}"
EndProject
Project("{FAE04EC0-301F-11D3-BF4B-00C04F79EFBC}") = "Tyuiu.IvanovSI.Sprint0.Task1.V0", "Tyuiu.IvanovSI.Sprint0.Task1.V0\Tyuiu.IvanovSI.Sprint0.Task1.V0.csproj", "{7B0648E7-0681-44BB-9026-95681309C17D}"
EndProject
Project("{2150E333-8FDC-42A3-9474-1A3956D46DE8}") = "Task2", "Task2", "{B7A50C04-A92A-41AC-B1FC-6580C1F64ED6}"
EndProject
Project("{FAE04EC0-301F-11D3-BF4B-00C04F79EFBC}") = "Tyuiu.IvanovSI.Sprint0.Task2.V0", "Tyuiu.IvanovSI.Sprint0.Task2.V0\Tyuiu.IvanovSI.Sprint0.Task2.V0.csproj", "{072C2AA0-4880-40E2-B171-F26F03FA920F}"
EndProject
Project("{FAE04EC0-301F-11D3-BF4B-00C04F79EFBC}") = "Tyuiu.IvanovSI.Sprint0.Task2.V0.Lib", "Tyuiu.IvanovSI.Sprint0.Task2.V0.Lib\Tyuiu.IvanovSI.Sprint0.Task2.V0.Lib.csproj", "{EFEAF22A-32B4-4C9D-AB07-29176D43F846}"
EndProject
Project("{FAE04EC0-301F-11D3-BF4B-00C04F79EFBC}") = "Tyuiu.IvanovSI.Sprint0.Task2.V0.Test", "Tyuiu.IvanovSI.Sprint0.Task2.V0.Test\Tyuiu.IvanovSI.Sprint0.Task2.V0.Test.csproj", "{E4C380B3-EB86-4C7C-9309-FEA9C3888FF0}"
EndProject
Project("{2150E333-8FDC-42A3-9474-1A3956D46DE8}") = "Task3", "Task3", "{E2ECA9C6-B80A-4FEB-BA74-64F4A5C63786}"
EndProject
Project("{FAE04EC0-301F-11D3-BF4B-00C04F79EFBC}") = "Tyuiu.IvanovSI.Sprint0.Task3.V0.Test", "Tyuiu.IvanovSI.Sprint0.Task3.V0.Test\Tyuiu.IvanovSI.Sprint0.Task3.V0.Test.csproj", "{A3A64238-D7E8-44E4-BF9F-77985E98487A}"
EndProject
Project("{FAE04EC0-301F-11D3-BF4B-00C04F79EFBC}") = "Tyuiu.IvanovSI.Sprint0.Task3.V0.Lib", "Tyuiu.IvanovSI.Sprint0.Task3.V0.Lib\Tyuiu.IvanovSI.Sprint0.Task3.V0.Lib.csproj", "{A7DE88F1-E968-4040-B30C-8B08FE2DD619}"
EndProject
Project("{FAE04EC0-301F-11D3-BF4B-00C04F79EFBC}") = "Tyuiu.IvanovSI.Sprint0.Task3.V0", "Tyuiu.IvanovSI.Sprint0.Task3.V0\Tyuiu.IvanovSI.Sprint0.Task3.V0.csproj", "{B5172724-31F2-4B2D-88CD-81779983577B}"
EndProject
Project("{2150E333-8FDC-42A3-9474-1A3956D46DE8}") = "Task4", "Task4", "{730EAB5E-AEC1-42A5-AD37-D9CD36E432DD}"
EndProject
Project("{FAE04EC0-301F-11D3-BF4B-00C04F79EFBC}") = "Tyuiu.IvanovSI.Sprint0.Task4.V0", "Tyuiu.IvanovSI.Sprint0.Task4.V0\Tyuiu.IvanovSI.Sprint0.Task4.V0.csproj", "{2C058D33-244A-4972-A126-A0A7A3F80439}"
EndProject
Project("{FAE04EC0-301F-11D3-BF4B-00C04F79EFBC}") = "Tyuiu.IvanovSI.Sprint0.Task4.V0.Lib", "Tyuiu.IvanovSI.Sprint0.Task4.V0.Lib\Tyuiu.IvanovSI.Sprint0.Task4.V0.Lib.csproj", "{07BEC82C-EBA9-4A23-90D6-C98CA4FBBC9B}"
EndProject
Project("{FAE04EC0-301F-11D3-BF4B-00C04F79EFBC}") = "Tyuiu.IvanovSI.Sprint0.Task4.V0.Test", "Tyuiu.IvanovSI.Sprint0.Task4.V0.Test\Tyuiu.IvanovSI.Sprint0.Task4.V0.Test.csproj", "{25CC4FA7-55F7-40C0-B7F2-57D651D3FF71}"
EndProject
Project("{2150E333-8FDC-42A3-9474-1A3956D46DE8}") = "Task5", "Task5", "{81B04160-0735-4D58-8F82-6FE9D06434C9}"
EndProject
Project("{FAE04EC0-301F-11D3-BF4B-00C04F79EFBC}") = "Tyuiu.IvanovSI.Sprint0.Task5.V0.Test", "Tyuiu.IvanovSI.Sprint0.Task5.V0.Test\Tyuiu.IvanovSI.Sprint0.Task5.V0.Test.csproj", "{50C11A6E-28C4-447E-932E-1FEE8919DCFB}"
EndProject
Project("{FAE04EC0-301F-11D3-BF4B-00C04F79EFBC}") = "Tyuiu.IvanovSI.Sprint0.Task5.V0.Lib", "Tyuiu.IvanovSI.Sprint0.Task5.V0.Lib\Tyuiu.IvanovSI.Sprint0.Task5.V0.Lib.csproj", "{D8D1F312-1B45-47E2-B213-E421FEC000A8}"
EndProject
Project("{FAE04EC0-301F-11D3-BF4B-00C04F79EFBC}") = "Tyuiu.IvanovSI.Sprint0.Task5.V0", "Tyuiu.IvanovSI.Sprint0.Task5.V0\Tyuiu.IvanovSI.Sprint0.Task5.V0.csproj", "{9E172935-44A5-4B65-BCCF-DDF25DE168F7}"
EndProject
Project("{2150E333-8FDC-42A3-9474-1A3956D46DE8}") = "Task6", "Task6", "{5DE2BBAA-6D67-4D38-8636-4704375FD796}"
EndProject
Project("{FAE04EC0-301F-11D3-BF4B-00C04F79EFBC}") = "Tyuiu.IvanovSI.Sprint0.Task6.V0", "Tyuiu.IvanovSI.Sprint0.Task6.V0\Tyuiu.IvanovSI.Sprint0.Task6.V0.csproj", "{55B14673-614C-458E-AB10-776A24019CB2}"
EndProject
Project("{FAE04EC0-301F-11D3-BF4B-00C04F79EFBC}") = "Tyuiu.IvanovSI.Sprint0.Task6.V0.Lib", "Tyuiu.IvanovSI.Sprint0.Task6.V0.Lib\Tyuiu.IvanovSI.Sprint0.Task6.V0.Lib.csproj", "{73A74326-A454-4F7A-9D99-0E820638CBFE}"
EndProject
Project("{FAE04EC0-301F-11D3-BF4B-00C04F79EFBC}") = "Tyuiu.IvanovSI.Sprint0.Task6.V0.Test", "Tyuiu.IvanovSI.Sprint0.Task6.V0.Test\Tyuiu.IvanovSI.Sprint0.Task6.V0.Test.csproj", "{D27094EE-4FB6-4DCF-B463-0568E401C6EF}"
EndProject
Global
	GlobalSection(SolutionConfigurationPlatforms) = preSolution
		Debug|Any CPU = Debug|Any CPU
		Release|Any CPU = Release|Any CPU
	EndGlobalSection
	GlobalSection(ProjectConfigurationPlatforms) = postSolution
		{7963C222-469A-48F4-AB5B-44BE81401CBC}.Debug|Any CPU.ActiveCfg = Debug|Any CPU
		{7963C222-469A-48F4-AB5B-44BE81401CBC}.Debug|Any CPU.Build.0 = Debug|Any CPU
		{7963C222-469A-48F4-AB5B-44BE81401CBC}.Release|Any CPU.ActiveCfg = Release|Any CPU
		{7963C222-469A-48F4-AB5B-44BE81401CBC}.Release|Any CPU.Build.0 = Release|Any CPU
		{7B0648E7-0681-44BB-9026-95681309C17D}.Debug|Any CPU.ActiveCfg = Debug|Any CPU
		{7B0648E7-0681-44BB-9026-95681309C17D}.Debug|Any CPU.Build.0 = Debug|Any CPU
		{7B0648E7-0681-44BB-9026-95681309C17D}.Release|Any CPU.ActiveCfg = Release|Any CPU
		{7B0648E7-0681-44BB-9026-95681309C17D}.Release|Any CPU.Build.0 = Release|Any CPU
		{072C2AA0-4880-40E2-B171-F26F03FA920F}.Debug|Any CPU.ActiveCfg = Debug|Any CPU
		{072C2AA0-4880-40E2-B171-F26F03FA920F}.Debug|Any CPU.Build.0 = Debug|Any CPU
		{072C2AA0-4880-40E2-B171-F26F03FA920F}.Release|Any CPU.ActiveCfg = Release|Any CPU
		{072C2AA0-4880-40E2-B171-F26F03FA920F}.Release|Any CPU.Build.0 = Release|Any CPU
		{EFEAF22A-32B4-4C9D-AB07-29176D43F846}.Debug|Any CPU.ActiveCfg = Debug|Any CPU
		{EFEAF22A-32B4-4C9D-AB07-29176D43F846}.Debug|Any CPU.Build.0 = Debug|Any CPU
		{EFEAF22A-32B4-4C9D-AB07-29176D43F846}.Release|Any CPU.ActiveCfg = Release|Any CPU
		{EFEAF22A-32B4-4C9D-AB07-29176D43F846}.Release|Any CPU.Build.0 = Release|Any CPU
		{E4C380B3-EB86-4C7C-9309-FEA9C3888FF0}.Debug|Any CPU.ActiveCfg = Debug|Any CPU
		{E4C380B3-EB86-4C7C-9309-FEA9C3888FF0}.Debug|Any CPU.Build.0 = Debug|Any CPU
		{E4C380B3-EB86-4C7C-9309-FEA9C3888FF0}.Release|Any CPU.ActiveCfg = Release|Any CPU
		{E4C380B3-EB86-4C7C-9309-FEA9C3888FF0}.Release|Any CPU.Build.0 = Release|Any CPU
		{A3A64238-D7E8-44E4-BF9F-77985E98487A}.Debug|Any CPU.ActiveCfg = Debug|Any CPU
		{A3A64238-D7E8-44E4-BF9F-77985E98487A}.Debug|Any CPU.Build.0 = Debug|Any CPU
		{A3A64238-D7E8-44E4-BF9F-77985E98487A}.Release|Any CPU.ActiveCfg = Release|Any CPU
		{A3A64238-D7E8-44E4-BF9F-77985E98487A}.Release|Any CPU.Build.0 = Release|Any CPU
		{A7DE88F1-E968-4040-B30C-8B08FE2DD619}.Debug|Any CPU.ActiveCfg = Debug|Any CPU
		{A7DE88F1-E968-4040-B30C-8B08FE2DD619}.Debug|Any CPU.Build.0 = Debug|Any CPU
		{A7DE88F1-E968-4040-B30C-8B08FE2DD619}.Release|Any CPU.ActiveCfg = Release|Any CPU
		{A7DE88F1-E968-4040-B30C-8B08FE2DD619}.Release|Any CPU.Build.0 = Release|Any CPU
		{B5172724-31F2-4B2D-88CD-81779983577B}.Debug|Any CPU.ActiveCfg = Debug|Any CPU
		{B5172724-31F2-4B2D-88CD-81779983577B}.Debug|Any CPU.Build.0 = Debug|Any CPU
		{B5172724-31F2-4B2D-88CD-81779983577B}.Release|Any CPU.ActiveCfg = Release|Any CPU
		{B5172724-31F2-4B2D-88CD-81779983577B}.Release|Any CPU.Build.0 = Release|Any CPU
		{2C058D33-244A-4972-A126-A0A7A3F80439}.Debug|Any CPU.ActiveCfg = Debug|Any CPU
		{2C058D33-244A-4972-A126-A0A7A3F80439}.Debug|Any CPU.Build.0 = Debug|Any CPU
		{2C058D33-244A-4972-A126-A0A7A3F80439}.Release|Any CPU.ActiveCfg = Release|Any CPU
		{2C058D33-244A-4972-A126-A0A7A3F80439}.Release|Any CPU.Build.0 = Release|Any CPU
		{07BEC82C-EBA9-4A23-90D6-C98CA4FBBC9B}.Debug|Any CPU.ActiveCfg = Debug|Any CPU
		{07BEC82C-EBA9-4A23-90D6-C98CA4FBBC9B}.Debug|Any CPU.Build.0 = Debug|Any CPU
		{07BEC82C-EBA9-4A23-90D6-C98CA4FBBC9B}.Release|Any CPU.ActiveCfg = Release|Any CPU
		{07BEC82C-EBA9-4A23-90D6-C98CA4FBBC9B}.Release|Any CPU.Build.0 = Release|Any CPU
		{25CC4FA7-55F7-40C0-B7F2-57D651D3FF71}.Debug|Any CPU.ActiveCfg = Debug|Any CPU
		{25CC4FA7-55F7-40C0-B7F2-57D651D3FF71}.Debug|Any CPU.Build.0 = Debug|Any CPU
		{25CC4FA7-55F7-40C0-B7F2-57D651D3FF71}.Release|Any CPU.ActiveCfg = Release|Any CPU
		{25CC4FA7-55F7-40C0-B7F2-57D651D3FF71}.Release|Any CPU.Build.0 = Release|Any CPU
		{50C11A6E-28C4-447E-932E-1FEE8919DCFB}.Debug|Any CPU.ActiveCfg = Debug|Any CPU
		{50C11A6E-28C4-447E-932E-1FEE8919DCFB}.Debug|Any CPU.Build.0 = Debug|Any CPU
		{50C11A6E-28C4-447E-932E-1FEE8919DCFB}.Release|Any CPU.ActiveCfg = Release|Any CPU
		{50C11A6E-28C4-447E-932E-1FEE8919DCFB}.Release|Any CPU.Build.0 = Release|Any CPU
		{D8D1F312-1B45-47E2-B213-E421FEC000A8}.Debug|Any CPU.ActiveCfg = Debug|Any CPU
		{D8D1F312-1B45-47E2-B213-E421FEC000A8}.Debug|Any CPU.Build.0 = Debug|Any CPU
		{D8D1F312-1B45-47E2-B213-E421FEC000A8}.Release|Any CPU.ActiveCfg = Release|Any CPU
		{D8D1F312-1B45-47E2-B213-E421FEC000A8}.Release|Any CPU.Build.0 = Release|Any CPU
		{9E172935-44A5-4B65-BCCF-DDF25DE168F7}.Debug|Any CPU.ActiveCfg = Debug|Any CPU
		{9E172935-44A5-4B65-BCCF-DDF25DE168F7}.Debug|Any CPU.Build.0 = Debug|Any CPU
		{9E172935-44A5-4B65-BCCF-DDF25DE168F7}.Release|Any CPU.ActiveCfg = Release|Any CPU
		{9E172935-44A5-4B65-BCCF-DDF25DE168F7}.Release|Any CPU.Build.0 = Release|Any CPU
		{55B14673-614C-458E-AB10-776A24019CB2}.Debug|Any CPU.ActiveCfg = Debug|Any CPU
		{55B14673-614C-458E-AB10-776A24019CB2}.Debug|Any CPU.Build.0 = Debug|Any CPU
		{55B14673-614C-458E-AB10-776A24019CB2}.Release|Any CPU.ActiveCfg = Release|Any CPU
		{55B14673-614C-458E-AB10-776A24019CB2}.Release|Any CPU.Build.0 = Release|Any CPU
		{73A74326-A454-4F7A-9D99-0E820638CBFE}.Debug|Any CPU.ActiveCfg = Debug|Any CPU
		{73A74326-A454-4F7A-9D99-0E820638CBFE}.Debug|Any CPU.Build.0 = Debug|Any CPU
		{73A74326-A454-4F7A-9D99-0E820638CBFE}.Release|Any CPU.ActiveCfg = Release|Any CPU
		{73A74326-A454-4F7A-9D99-0E820638CBFE}.Release|Any CPU.Build.0 = Release|Any CPU
		{D27094EE-4FB6-4DCF-B463-0568E401C6EF}.Debug|Any CPU.ActiveCfg = Debug|Any CPU
		{D27094EE-4FB6-4DCF-B463-0568E401C6EF}.Debug|Any CPU.Build.0 = Debug|Any CPU
		{D27094EE-4FB6-4DCF-B463-0568E401C6EF}.Release|Any CPU.ActiveCfg = Release|Any CPU
		{D27094EE-4FB6-4DCF-B463-0568E401C6EF}.Release|Any CPU.Build.0 = Release|Any CPU
	EndGlobalSection
	GlobalSection(SolutionProperties) = preSolution
		HideSolutionNode = FALSE
	EndGlobalSection
	GlobalSection(NestedProjects) = preSolution
		{7963C222-469A-48F4-AB5B-44BE81401CBC} = {1B8B113F-23E6-44A9-B499-9848A1B37D64}
		{7B0648E7-0681-44BB-9026-95681309C17D} = {40B8E263-3372-448D-98A3-97AB1E4FFF95}
		{072C2AA0-4880-40E2-B171-F26F03FA920F} = {B7A50C04-A92A-41AC-B1FC-6580C1F64ED6}
		{EFEAF22A-32B4-4C9D-AB07-29176D43F846} = {B7A50C04-A92A-41AC-B1FC-6580C1F64ED6}
		{E4C380B3-EB86-4C7C-9309-FEA9C3888FF0} = {B7A50C04-A92A-41AC-B1FC-6580C1F64ED6}
		{A3A64238-D7E8-44E4-BF9F-77985E98487A} = {E2ECA9C6-B80A-4FEB-BA74-64F4A5C63786}
		{A7DE88F1-E968-4040-B30C-8B08FE2DD619} = {E2ECA9C6-B80A-4FEB-BA74-64F4A5C63786}
		{B5172724-31F2-4B2D-88CD-81779983577B} = {E2ECA9C6-B80A-4FEB-BA74-64F4A5C63786}
		{2C058D33-244A-4972-A126-A0A7A3F80439} = {730EAB5E-AEC1-42A5-AD37-D9CD36E432DD}
		{07BEC82C-EBA9-4A23-90D6-C98CA4FBBC9B} = {730EAB5E-AEC1-42A5-AD37-D9CD36E432DD}
		{25CC4FA7-55F7-40C0-B7F2-57D651D3FF71} = {730EAB5E-AEC1-42A5-AD37-D9CD36E432DD}
		{50C11A6E-28C4-447E-932E-1FEE8919DCFB} = {81B04160-0735-4D58-8F82-6FE9D06434C9}
		{D8D1F312-1B45-47E2-B213-E421FEC000A8} = {81B04160-0735-4D58-8F82-6FE9D06434C9}
		{9E172935-44A5-4B65-BCCF-DDF25DE168F7} = {81B04160-0735-4D58-8F82-6FE9D06434C9}
		{55B14673-614C-458E-AB10-776A24019CB2} = {5DE2BBAA-6D67-4D38-8636-4704375FD796}
		{73A74326-A454-4F7A-9D99-0E820638CBFE} = {5DE2BBAA-6D67-4D38-8636-4704375FD796}
		{D27094EE-4FB6-4DCF-B463-0568E401C6EF} = {5DE2BBAA-6D67-4D38-8636-4704375FD796}
	EndGlobalSection
	GlobalSection(ExtensibilityGlobals) = postSolution
		SolutionGuid = {FE2EA99E-AD70-4CD0-B72A-62A9FAED500A}
	EndGlobalSection
EndGlobal
